
Microsoft Visual Studio Solution File, Format Version 12.00
# Visual Studio Version 16
VisualStudioVersion = 16.0.31729.503
MinimumVisualStudioVersion = 10.0.40219.1
Project("{FAE04EC0-301F-11D3-BF4B-00C04F79EFBC}") = "dio.curso.api", "dio.curso.api\dio.curso.api.csproj", "{C8469CA9-48EF-4DB5-AE2F-F07D5BC06F1B}"
EndProject
Project("{FAE04EC0-301F-11D3-BF4B-00C04F79EFBC}") = "dio.curso.web", "dio.curso.web\dio.curso.web.csproj", "{51B31342-DE9A-4BD0-B803-CBC3EC529A29}"
EndProject
Global
	GlobalSection(SolutionConfigurationPlatforms) = preSolution
		Debug|Any CPU = Debug|Any CPU
		Release|Any CPU = Release|Any CPU
	EndGlobalSection
	GlobalSection(ProjectConfigurationPlatforms) = postSolution
		{C8469CA9-48EF-4DB5-AE2F-F07D5BC06F1B}.Debug|Any CPU.ActiveCfg = Debug|Any CPU
		{C8469CA9-48EF-4DB5-AE2F-F07D5BC06F1B}.Debug|Any CPU.Build.0 = Debug|Any CPU
		{C8469CA9-48EF-4DB5-AE2F-F07D5BC06F1B}.Release|Any CPU.ActiveCfg = Release|Any CPU
		{C8469CA9-48EF-4DB5-AE2F-F07D5BC06F1B}.Release|Any CPU.Build.0 = Release|Any CPU
		{51B31342-DE9A-4BD0-B803-CBC3EC529A29}.Debug|Any CPU.ActiveCfg = Debug|Any CPU
		{51B31342-DE9A-4BD0-B803-CBC3EC529A29}.Debug|Any CPU.Build.0 = Debug|Any CPU
		{51B31342-DE9A-4BD0-B803-CBC3EC529A29}.Release|Any CPU.ActiveCfg = Release|Any CPU
		{51B31342-DE9A-4BD0-B803-CBC3EC529A29}.Release|Any CPU.Build.0 = Release|Any CPU
	EndGlobalSection
	GlobalSection(SolutionProperties) = preSolution
		HideSolutionNode = FALSE
	EndGlobalSection
	GlobalSection(ExtensibilityGlobals) = postSolution
		SolutionGuid = {096EEDD1-4D45-484D-A754-267F76303412}
	EndGlobalSection
EndGlobal
