
Microsoft Visual Studio Solution File, Format Version 12.00
# Visual Studio Version 16
VisualStudioVersion = 16.0.31729.503
MinimumVisualStudioVersion = 10.0.40219.1
Project("{FAE04EC0-301F-11D3-BF4B-00C04F79EFBC}") = "ApiGameCatalogue", "ApiGameCatalogue\ApiGameCatalogue.csproj", "{98B66C18-B7EE-4181-8EF1-A5DA8B78B507}"
EndProject
Global
	GlobalSection(SolutionConfigurationPlatforms) = preSolution
		Debug|Any CPU = Debug|Any CPU
		Release|Any CPU = Release|Any CPU
	EndGlobalSection
	GlobalSection(ProjectConfigurationPlatforms) = postSolution
		{98B66C18-B7EE-4181-8EF1-A5DA8B78B507}.Debug|Any CPU.ActiveCfg = Debug|Any CPU
		{98B66C18-B7EE-4181-8EF1-A5DA8B78B507}.Debug|Any CPU.Build.0 = Debug|Any CPU
		{98B66C18-B7EE-4181-8EF1-A5DA8B78B507}.Release|Any CPU.ActiveCfg = Release|Any CPU
		{98B66C18-B7EE-4181-8EF1-A5DA8B78B507}.Release|Any CPU.Build.0 = Release|Any CPU
	EndGlobalSection
	GlobalSection(SolutionProperties) = preSolution
		HideSolutionNode = FALSE
	EndGlobalSection
	GlobalSection(ExtensibilityGlobals) = postSolution
		SolutionGuid = {411CDEAF-0A4D-49DF-A765-9A895DFD035E}
	EndGlobalSection
EndGlobal
